PODS:
  - MBProgressHUD (1.0.0)
  - MJRefresh (3.1.12)
  - pop (1.0.9)
  - Realm (2.4.3):
    - Realm/Headers (= 2.4.3)
  - Realm/Headers (2.4.3)

DEPENDENCIES:
  - MBProgressHUD (~> 1.0.0)
  - MJRefresh
  - pop (~> 1.0)
  - Realm

SPEC CHECKSUMS:
  MBProgressHUD: 4890f671c94e8a0f3cf959aa731e9de2f036d71a
  MJRefresh: b96cdb21c4aa75a7b07654311ab2f315c497e806
  pop: f667631a5108a2e60d9e8797c9b32ddaf2080bce
  Realm: e08d60b0048ccccd3949c8c28a92c4db5712d7e9

PODFILE CHECKSUM: b21e912153eb11f8a2febec3a7a32b697fbe6957

COCOAPODS: 1.2.0
