// !$*UTF8*$!
{
	archiveVersion = 1;
	classes = {
	};
	objectVersion = 46;
	objects = {

/* Begin PBXBuildFile section */
		0D0061E11E842320007BDBAE /* Post.m in Sources */ = {isa = PBXBuildFile; fileRef = 0D0061E01E842320007BDBAE /* Post.m */; };
		0D0819311EB0F22F00F4E034 /* DiscoverViewController.m in Sources */ = {isa = PBXBuildFile; fileRef = 0D0819301EB0F22F00F4E034 /* DiscoverViewController.m */; };
		0D1FF1651EAEE1F30034CC47 /* HHRefreshNormalHeader.m in Sources */ = {isa = PBXBuildFile; fileRef = 0D1FF1641EAEE1F30034CC47 /* HHRefreshNormalHeader.m */; };
		0D1FF1681EAEE9D70034CC47 /* HHRefreshNormalFooter.m in Sources */ = {isa = PBXBuildFile; fileRef = 0D1FF1671EAEE9D70034CC47 /* HHRefreshNormalFooter.m */; };
		0D2428AD1ED951D4002B52F3 /* HHPopButton.m in Sources */ = {isa = PBXBuildFile; fileRef = 0D2428AC1ED951D4002B52F3 /* HHPopButton.m */; };
		0D2428B11ED95F1F002B52F3 /* MoveButton.m in Sources */ = {isa = PBXBuildFile; fileRef = 0D2428B01ED95F1F002B52F3 /* MoveButton.m */; };
		0D2A5F3F1EC55B7E00F41D4D /* LaunchScreen.storyboard in Resources */ = {isa = PBXBuildFile; fileRef = 0D2A5F3B1EC55B7E00F41D4D /* LaunchScreen.storyboard */; };
		0D2A5F401EC55B7E00F41D4D /* Main.storyboard in Resources */ = {isa = PBXBuildFile; fileRef = 0D2A5F3D1EC55B7E00F41D4D /* Main.storyboard */; };
		0D33BB001EEF8B3500AD69EB /* CAEmitterLayerVC.m in Sources */ = {isa = PBXBuildFile; fileRef = 0D33BAFF1EEF8B3500AD69EB /* CAEmitterLayerVC.m */; };
		0D33BB041EEF8F2700AD69EB /* HHEmitterButton.m in Sources */ = {isa = PBXBuildFile; fileRef = 0D33BB031EEF8F2700AD69EB /* HHEmitterButton.m */; };
		0D4B28D41EE7C4D100BB9CC9 /* BluetoochVC.m in Sources */ = {isa = PBXBuildFile; fileRef = 0D4B28B81EE7C4D100BB9CC9 /* BluetoochVC.m */; };
		0D4B28D51EE7C4D100BB9CC9 /* BlueView.m in Sources */ = {isa = PBXBuildFile; fileRef = 0D4B28BB1EE7C4D100BB9CC9 /* BlueView.m */; };
		0D4B28D61EE7C4D100BB9CC9 /* CircleProgressVC.m in Sources */ = {isa = PBXBuildFile; fileRef = 0D4B28BD1EE7C4D100BB9CC9 /* CircleProgressVC.m */; };
		0D4B28D71EE7C4D100BB9CC9 /* CycleView.m in Sources */ = {isa = PBXBuildFile; fileRef = 0D4B28BF1EE7C4D100BB9CC9 /* CycleView.m */; };
		0D4B28D81EE7C4D100BB9CC9 /* EventViewController.m in Sources */ = {isa = PBXBuildFile; fileRef = 0D4B28C11EE7C4D100BB9CC9 /* EventViewController.m */; };
		0D4B28D91EE7C4D100BB9CC9 /* ExceptionViewController.m in Sources */ = {isa = PBXBuildFile; fileRef = 0D4B28C31EE7C4D100BB9CC9 /* ExceptionViewController.m */; };
		0D4B28DA1EE7C4D100BB9CC9 /* GCDViewController.m in Sources */ = {isa = PBXBuildFile; fileRef = 0D4B28C51EE7C4D100BB9CC9 /* GCDViewController.m */; };
		0D4B28DC1EE7C4D100BB9CC9 /* MakeExpViewController.m in Sources */ = {isa = PBXBuildFile; fileRef = 0D4B28C91EE7C4D100BB9CC9 /* MakeExpViewController.m */; };
		0D4B28DE1EE7C4D100BB9CC9 /* RuningTimeViewController.m in Sources */ = {isa = PBXBuildFile; fileRef = 0D4B28CD1EE7C4D100BB9CC9 /* RuningTimeViewController.m */; };
		0D4B28DF1EE7C4D100BB9CC9 /* SelectAndDeleteVC.m in Sources */ = {isa = PBXBuildFile; fileRef = 0D4B28CF1EE7C4D100BB9CC9 /* SelectAndDeleteVC.m */; };
		0D4B28E01EE7C4D100BB9CC9 /* ShowHUDViewController.m in Sources */ = {isa = PBXBuildFile; fileRef = 0D4B28D11EE7C4D100BB9CC9 /* ShowHUDViewController.m */; };
		0D4B28E11EE7C4D100BB9CC9 /* MineViewController.m in Sources */ = {isa = PBXBuildFile; fileRef = 0D4B28D31EE7C4D100BB9CC9 /* MineViewController.m */; };
		0D4B28EA1EE7D31A00BB9CC9 /* RealmTestVC.m in Sources */ = {isa = PBXBuildFile; fileRef = 0D4B28E91EE7D31A00BB9CC9 /* RealmTestVC.m */; };
		0D4B28F41EE7F51200BB9CC9 /* DemoHelper.m in Sources */ = {isa = PBXBuildFile; fileRef = 0D4B28F31EE7F51200BB9CC9 /* DemoHelper.m */; };
		0D4B28F71EE94C2700BB9CC9 /* UIView+Extension.m in Sources */ = {isa = PBXBuildFile; fileRef = 0D4B28F61EE94C2700BB9CC9 /* UIView+Extension.m */; };
		0D4B28FB1EE94C8F00BB9CC9 /* LoadingViewForOC.m in Sources */ = {isa = PBXBuildFile; fileRef = 0D4B28FA1EE94C8F00BB9CC9 /* LoadingViewForOC.m */; };
		0D4B28FE1EE94CCC00BB9CC9 /* LoadingAnimationVC.m in Sources */ = {isa = PBXBuildFile; fileRef = 0D4B28FD1EE94CCC00BB9CC9 /* LoadingAnimationVC.m */; };
		0D4B29021EE9536400BB9CC9 /* BezierPathVC.m in Sources */ = {isa = PBXBuildFile; fileRef = 0D4B29011EE9536400BB9CC9 /* BezierPathVC.m */; };
		0D4B29051EE953CC00BB9CC9 /* BezierPathViewBase.m in Sources */ = {isa = PBXBuildFile; fileRef = 0D4B29041EE953CC00BB9CC9 /* BezierPathViewBase.m */; };
		0D4B29081EE9594200BB9CC9 /* BezierPathViewSquare.m in Sources */ = {isa = PBXBuildFile; fileRef = 0D4B29071EE9594200BB9CC9 /* BezierPathViewSquare.m */; };
		0D4B290B1EEA44C000BB9CC9 /* BezierPathViewRound.m in Sources */ = {isa = PBXBuildFile; fileRef = 0D4B290A1EEA44C000BB9CC9 /* BezierPathViewRound.m */; };
		0D4B290E1EEA4BA500BB9CC9 /* BezierPathQuadCurve.m in Sources */ = {isa = PBXBuildFile; fileRef = 0D4B290D1EEA4BA500BB9CC9 /* BezierPathQuadCurve.m */; };
		0D4B29121EEA6DC200BB9CC9 /* GradientViewController.m in Sources */ = {isa = PBXBuildFile; fileRef = 0D4B29111EEA6DC200BB9CC9 /* GradientViewController.m */; };
		0D4B29151EEA717700BB9CC9 /* LayerAnimationVC.m in Sources */ = {isa = PBXBuildFile; fileRef = 0D4B29141EEA717700BB9CC9 /* LayerAnimationVC.m */; };
		0D4F944C1E8AB98900070950 /* Assets.xcassets in Resources */ = {isa = PBXBuildFile; fileRef = 0D4F944B1E8AB98900070950 /* Assets.xcassets */; };
		0D4F94501E8AB9B500070950 /* AppDelegate.m in Sources */ = {isa = PBXBuildFile; fileRef = 0D4F944F1E8AB9B500070950 /* AppDelegate.m */; };
		0D4F945B1E8ABA2A00070950 /* Info.plist in Resources */ = {isa = PBXBuildFile; fileRef = 0D4F94571E8ABA2A00070950 /* Info.plist */; };
		0D4F945C1E8ABA2A00070950 /* main.m in Sources */ = {isa = PBXBuildFile; fileRef = 0D4F94581E8ABA2A00070950 /* main.m */; };
		0D5B07351EA84B8200FB1AC2 /* LCProgressHUD.bundle in Resources */ = {isa = PBXBuildFile; fileRef = 0D5B07321EA84B8200FB1AC2 /* LCProgressHUD.bundle */; };
		0D5B07361EA84B8200FB1AC2 /* LCProgressHUD.m in Sources */ = {isa = PBXBuildFile; fileRef = 0D5B07341EA84B8200FB1AC2 /* LCProgressHUD.m */; };
		0D5B073E1EA8AECC00FB1AC2 /* NSMutableArray+Extension.m in Sources */ = {isa = PBXBuildFile; fileRef = 0D5B073D1EA8AECC00FB1AC2 /* NSMutableArray+Extension.m */; };
		0D6C0DEB1F03495F0005745A /* NSObject+Common.m in Sources */ = {isa = PBXBuildFile; fileRef = 0D6C0DEA1F03495F0005745A /* NSObject+Common.m */; };
		0D77DF451ED69FBE000F3C1A /* UICountingLabel.m in Sources */ = {isa = PBXBuildFile; fileRef = 0D77DF441ED69FBE000F3C1A /* UICountingLabel.m */; };
		0D77DF481ED6AD9E000F3C1A /* HHCountingLabel.m in Sources */ = {isa = PBXBuildFile; fileRef = 0D77DF471ED6AD9E000F3C1A /* HHCountingLabel.m */; };
		0D840ADC1EBFFF28005E078A /* Draw2DView.m in Sources */ = {isa = PBXBuildFile; fileRef = 0D840ADB1EBFFF28005E078A /* Draw2DView.m */; };
		0DA4F3E41EE676A400ED17B2 /* Connect.m in Sources */ = {isa = PBXBuildFile; fileRef = 0DA4F3E31EE676A400ED17B2 /* Connect.m */; };
		0DA4F3ED1EE677F500ED17B2 /* BaseNavigationController.m in Sources */ = {isa = PBXBuildFile; fileRef = 0DA4F3E81EE677F500ED17B2 /* BaseNavigationController.m */; };
		0DA4F3EE1EE677F500ED17B2 /* BaseTabBarController.m in Sources */ = {isa = PBXBuildFile; fileRef = 0DA4F3EA1EE677F500ED17B2 /* BaseTabBarController.m */; };
		0DA4F3EF1EE677F500ED17B2 /* BaseViewController.m in Sources */ = {isa = PBXBuildFile; fileRef = 0DA4F3EC1EE677F500ED17B2 /* BaseViewController.m */; };
		0DA4F3F31EE6782800ED17B2 /* BaseModel.m in Sources */ = {isa = PBXBuildFile; fileRef = 0DA4F3F21EE6782800ED17B2 /* BaseModel.m */; };
		0DA4F3F91EE6925B00ED17B2 /* NSArray+Dlog.m in Sources */ = {isa = PBXBuildFile; fileRef = 0DA4F3F81EE6925B00ED17B2 /* NSArray+Dlog.m */; };
		0DA4F4001EE699A600ED17B2 /* ProvinceModel.m in Sources */ = {isa = PBXBuildFile; fileRef = 0DA4F3FF1EE699A600ED17B2 /* ProvinceModel.m */; };
		0DA4F4031EE699E900ED17B2 /* CityModel.m in Sources */ = {isa = PBXBuildFile; fileRef = 0DA4F4021EE699E900ED17B2 /* CityModel.m */; };
		0DA4F4061EE69A0B00ED17B2 /* CountyModel.m in Sources */ = {isa = PBXBuildFile; fileRef = 0DA4F4051EE69A0B00ED17B2 /* CountyModel.m */; };
		0DAD4D131E7960F5008018BB /* TestDemo1Tests.m in Sources */ = {isa = PBXBuildFile; fileRef = 0DAD4D121E7960F5008018BB /* TestDemo1Tests.m */; };
		0DAD4D1E1E7960F5008018BB /* TestDemo1UITests.m in Sources */ = {isa = PBXBuildFile; fileRef = 0DAD4D1D1E7960F5008018BB /* TestDemo1UITests.m */; };
		0DB44FE91EA3C2F800ABC0E6 /* FirstViewController.m in Sources */ = {isa = PBXBuildFile; fileRef = 0DB44FE61EA3C2F800ABC0E6 /* FirstViewController.m */; };
		0DB44FEA1EA3C2F800ABC0E6 /* HomeViewController.m in Sources */ = {isa = PBXBuildFile; fileRef = 0DB44FE81EA3C2F800ABC0E6 /* HomeViewController.m */; };
		0DE270DC1E87FFA100F6571A /* IndustryList.m in Sources */ = {isa = PBXBuildFile; fileRef = 0DE270DB1E87FFA100F6571A /* IndustryList.m */; };
		0DE270DF1E88012300F6571A /* IndustrayData.m in Sources */ = {isa = PBXBuildFile; fileRef = 0DE270DE1E88012300F6571A /* IndustrayData.m */; };
		2252B96B185E6808FC1BB764 /* Pods_TestDemo1.framework in Frameworks */ = {isa = PBXBuildFile; fileRef = 6F597CFA8E44962A5C80EAB6 /* Pods_TestDemo1.framework */; };
		FE33E1AD1F29B281003BC178 /* LineMoveVC.m in Sources */ = {isa = PBXBuildFile; fileRef = FE33E1AC1F29B281003BC178 /* LineMoveVC.m */; };
		FE5FD53D1F344A21003D3C3D /* NSObject+Description.m in Sources */ = {isa = PBXBuildFile; fileRef = FE5FD53C1F344A21003D3C3D /* NSObject+Description.m */; };
		FEC5B4751F27391500747CAB /* CountdownLabel.m in Sources */ = {isa = PBXBuildFile; fileRef = FEC5B4741F27391500747CAB /* CountdownLabel.m */; };
		FEC5B4771F2861C600747CAB /* AudioToolbox.framework in Frameworks */ = {isa = PBXBuildFile; fileRef = FEC5B4761F2861C600747CAB /* AudioToolbox.framework */; };
/* End PBXBuildFile section */

/* Begin PBXContainerItemProxy section */
		0DAD4D0F1E7960F5008018BB /* PBXContainerItemProxy */ = {
			isa = PBXContainerItemProxy;
			containerPortal = 0DAD4CED1E7960F4008018BB /* Project object */;
			proxyType = 1;
			remoteGlobalIDString = 0DAD4CF41E7960F4008018BB;
			remoteInfo = TestDemo1;
		};
		0DAD4D1A1E7960F5008018BB /* PBXContainerItemProxy */ = {
			isa = PBXContainerItemProxy;
			containerPortal = 0DAD4CED1E7960F4008018BB /* Project object */;
			proxyType = 1;
			remoteGlobalIDString = 0DAD4CF41E7960F4008018BB;
			remoteInfo = TestDemo1;
		};
/* End PBXContainerItemProxy section */

/* Begin PBXFileReference section */
		0D0061DF1E842320007BDBAE /* Post.h */ = {isa = PBXFileReference; fileEncoding = 4; lastKnownFileType = sourcecode.c.h; path = Post.h; sourceTree = "<group>"; };
		0D0061E01E842320007BDBAE /* Post.m */ = {isa = PBXFileReference; fileEncoding = 4; lastKnownFileType = sourcecode.c.objc; path = Post.m; sourceTree = "<group>"; };
		0D08192F1EB0F22F00F4E034 /* DiscoverViewController.h */ = {isa = PBXFileReference; fileEncoding = 4; lastKnownFileType = sourcecode.c.h; path = DiscoverViewController.h; sourceTree = "<group>"; };
		0D0819301EB0F22F00F4E034 /* DiscoverViewController.m */ = {isa = PBXFileReference; fileEncoding = 4; lastKnownFileType = sourcecode.c.objc; path = DiscoverViewController.m; sourceTree = "<group>"; };
		0D1FF1631EAEE1F30034CC47 /* HHRefreshNormalHeader.h */ = {isa = PBXFileReference; fileEncoding = 4; lastKnownFileType = sourcecode.c.h; path = HHRefreshNormalHeader.h; sourceTree = "<group>"; };
		0D1FF1641EAEE1F30034CC47 /* HHRefreshNormalHeader.m */ = {isa = PBXFileReference; fileEncoding = 4; lastKnownFileType = sourcecode.c.objc; path = HHRefreshNormalHeader.m; sourceTree = "<group>"; };
		0D1FF1661EAEE9D70034CC47 /* HHRefreshNormalFooter.h */ = {isa = PBXFileReference; fileEncoding = 4; lastKnownFileType = sourcecode.c.h; path = HHRefreshNormalFooter.h; sourceTree = "<group>"; };
		0D1FF1671EAEE9D70034CC47 /* HHRefreshNormalFooter.m */ = {isa = PBXFileReference; fileEncoding = 4; lastKnownFileType = sourcecode.c.objc; path = HHRefreshNormalFooter.m; sourceTree = "<group>"; };
		0D2428AB1ED951D4002B52F3 /* HHPopButton.h */ = {isa = PBXFileReference; fileEncoding = 4; lastKnownFileType = sourcecode.c.h; path = HHPopButton.h; sourceTree = "<group>"; };
		0D2428AC1ED951D4002B52F3 /* HHPopButton.m */ = {isa = PBXFileReference; fileEncoding = 4; lastKnownFileType = sourcecode.c.objc; path = HHPopButton.m; sourceTree = "<group>"; };
		0D2428AF1ED95F1F002B52F3 /* MoveButton.h */ = {isa = PBXFileReference; fileEncoding = 4; lastKnownFileType = sourcecode.c.h; path = MoveButton.h; sourceTree = "<group>"; };
		0D2428B01ED95F1F002B52F3 /* MoveButton.m */ = {isa = PBXFileReference; fileEncoding = 4; lastKnownFileType = sourcecode.c.objc; path = MoveButton.m; sourceTree = "<group>"; };
		0D2A5F3C1EC55B7E00F41D4D /* Base */ = {isa = PBXFileReference; lastKnownFileType = file.storyboard; name = Base; path = LaunchScreen.storyboard; sourceTree = "<group>"; };
		0D2A5F3E1EC55B7E00F41D4D /* Base */ = {isa = PBXFileReference; lastKnownFileType = file.storyboard; name = Base; path = Main.storyboard; sourceTree = "<group>"; };
		0D33BAFE1EEF8B3500AD69EB /* CAEmitterLayerVC.h */ = {isa = PBXFileReference; fileEncoding = 4; lastKnownFileType = sourcecode.c.h; path = CAEmitterLayerVC.h; sourceTree = "<group>"; };
		0D33BAFF1EEF8B3500AD69EB /* CAEmitterLayerVC.m */ = {isa = PBXFileReference; fileEncoding = 4; lastKnownFileType = sourcecode.c.objc; path = CAEmitterLayerVC.m; sourceTree = "<group>"; };
		0D33BB021EEF8F2700AD69EB /* HHEmitterButton.h */ = {isa = PBXFileReference; fileEncoding = 4; lastKnownFileType = sourcecode.c.h; path = HHEmitterButton.h; sourceTree = "<group>"; };
		0D33BB031EEF8F2700AD69EB /* HHEmitterButton.m */ = {isa = PBXFileReference; fileEncoding = 4; lastKnownFileType = sourcecode.c.objc; path = HHEmitterButton.m; sourceTree = "<group>"; };
		0D4B28B71EE7C4D100BB9CC9 /* BluetoochVC.h */ = {isa = PBXFileReference; fileEncoding = 4; lastKnownFileType = sourcecode.c.h; path = BluetoochVC.h; sourceTree = "<group>"; };
		0D4B28B81EE7C4D100BB9CC9 /* BluetoochVC.m */ = {isa = PBXFileReference; fileEncoding = 4; lastKnownFileType = sourcecode.c.objc; path = BluetoochVC.m; sourceTree = "<group>"; };
		0D4B28BA1EE7C4D100BB9CC9 /* BlueView.h */ = {isa = PBXFileReference; fileEncoding = 4; lastKnownFileType = sourcecode.c.h; path = BlueView.h; sourceTree = "<group>"; };
		0D4B28BB1EE7C4D100BB9CC9 /* BlueView.m */ = {isa = PBXFileReference; fileEncoding = 4; lastKnownFileType = sourcecode.c.objc; path = BlueView.m; sourceTree = "<group>"; };
		0D4B28BC1EE7C4D100BB9CC9 /* CircleProgressVC.h */ = {isa = PBXFileReference; fileEncoding = 4; lastKnownFileType = sourcecode.c.h; path = CircleProgressVC.h; sourceTree = "<group>"; };
		0D4B28BD1EE7C4D100BB9CC9 /* CircleProgressVC.m */ = {isa = PBXFileReference; fileEncoding = 4; lastKnownFileType = sourcecode.c.objc; path = CircleProgressVC.m; sourceTree = "<group>"; };
		0D4B28BE1EE7C4D100BB9CC9 /* CycleView.h */ = {isa = PBXFileReference; fileEncoding = 4; lastKnownFileType = sourcecode.c.h; path = CycleView.h; sourceTree = "<group>"; };
		0D4B28BF1EE7C4D100BB9CC9 /* CycleView.m */ = {isa = PBXFileReference; fileEncoding = 4; lastKnownFileType = sourcecode.c.objc; path = CycleView.m; sourceTree = "<group>"; };
		0D4B28C01EE7C4D100BB9CC9 /* EventViewController.h */ = {isa = PBXFileReference; fileEncoding = 4; lastKnownFileType = sourcecode.c.h; path = EventViewController.h; sourceTree = "<group>"; };
		0D4B28C11EE7C4D100BB9CC9 /* EventViewController.m */ = {isa = PBXFileReference; fileEncoding = 4; lastKnownFileType = sourcecode.c.objc; path = EventViewController.m; sourceTree = "<group>"; };
		0D4B28C21EE7C4D100BB9CC9 /* ExceptionViewController.h */ = {isa = PBXFileReference; fileEncoding = 4; lastKnownFileType = sourcecode.c.h; path = ExceptionViewController.h; sourceTree = "<group>"; };
		0D4B28C31EE7C4D100BB9CC9 /* ExceptionViewController.m */ = {isa = PBXFileReference; fileEncoding = 4; lastKnownFileType = sourcecode.c.objc; path = ExceptionViewController.m; sourceTree = "<group>"; };
		0D4B28C41EE7C4D100BB9CC9 /* GCDViewController.h */ = {isa = PBXFileReference; fileEncoding = 4; lastKnownFileType = sourcecode.c.h; path = GCDViewController.h; sourceTree = "<group>"; };
		0D4B28C51EE7C4D100BB9CC9 /* GCDViewController.m */ = {isa = PBXFileReference; fileEncoding = 4; lastKnownFileType = sourcecode.c.objc; path = GCDViewController.m; sourceTree = "<group>"; };
		0D4B28C81EE7C4D100BB9CC9 /* MakeExpViewController.h */ = {isa = PBXFileReference; fileEncoding = 4; lastKnownFileType = sourcecode.c.h; path = MakeExpViewController.h; sourceTree = "<group>"; };
		0D4B28C91EE7C4D100BB9CC9 /* MakeExpViewController.m */ = {isa = PBXFileReference; fileEncoding = 4; lastKnownFileType = sourcecode.c.objc; path = MakeExpViewController.m; sourceTree = "<group>"; };
		0D4B28CC1EE7C4D100BB9CC9 /* RuningTimeViewController.h */ = {isa = PBXFileReference; fileEncoding = 4; lastKnownFileType = sourcecode.c.h; path = RuningTimeViewController.h; sourceTree = "<group>"; };
		0D4B28CD1EE7C4D100BB9CC9 /* RuningTimeViewController.m */ = {isa = PBXFileReference; fileEncoding = 4; lastKnownFileType = sourcecode.c.objc; path = RuningTimeViewController.m; sourceTree = "<group>"; };
		0D4B28CE1EE7C4D100BB9CC9 /* SelectAndDeleteVC.h */ = {isa = PBXFileReference; fileEncoding = 4; lastKnownFileType = sourcecode.c.h; path = SelectAndDeleteVC.h; sourceTree = "<group>"; };
		0D4B28CF1EE7C4D100BB9CC9 /* SelectAndDeleteVC.m */ = {isa = PBXFileReference; fileEncoding = 4; lastKnownFileType = sourcecode.c.objc; path = SelectAndDeleteVC.m; sourceTree = "<group>"; };
		0D4B28D01EE7C4D100BB9CC9 /* ShowHUDViewController.h */ = {isa = PBXFileReference; fileEncoding = 4; lastKnownFileType = sourcecode.c.h; path = ShowHUDViewController.h; sourceTree = "<group>"; };
		0D4B28D11EE7C4D100BB9CC9 /* ShowHUDViewController.m */ = {isa = PBXFileReference; fileEncoding = 4; lastKnownFileType = sourcecode.c.objc; path = ShowHUDViewController.m; sourceTree = "<group>"; };
		0D4B28D21EE7C4D100BB9CC9 /* MineViewController.h */ = {isa = PBXFileReference; fileEncoding = 4; lastKnownFileType = sourcecode.c.h; path = MineViewController.h; sourceTree = "<group>"; };
		0D4B28D31EE7C4D100BB9CC9 /* MineViewController.m */ = {isa = PBXFileReference; fileEncoding = 4; lastKnownFileType = sourcecode.c.objc; path = MineViewController.m; sourceTree = "<group>"; };
		0D4B28E81EE7D31A00BB9CC9 /* RealmTestVC.h */ = {isa = PBXFileReference; fileEncoding = 4; lastKnownFileType = sourcecode.c.h; path = RealmTestVC.h; sourceTree = "<group>"; };
		0D4B28E91EE7D31A00BB9CC9 /* RealmTestVC.m */ = {isa = PBXFileReference; fileEncoding = 4; lastKnownFileType = sourcecode.c.objc; path = RealmTestVC.m; sourceTree = "<group>"; };
		0D4B28F21EE7F51200BB9CC9 /* DemoHelper.h */ = {isa = PBXFileReference; fileEncoding = 4; lastKnownFileType = sourcecode.c.h; path = DemoHelper.h; sourceTree = "<group>"; };
		0D4B28F31EE7F51200BB9CC9 /* DemoHelper.m */ = {isa = PBXFileReference; fileEncoding = 4; lastKnownFileType = sourcecode.c.objc; path = DemoHelper.m; sourceTree = "<group>"; };
		0D4B28F51EE94C2700BB9CC9 /* UIView+Extension.h */ = {isa = PBXFileReference; fileEncoding = 4; lastKnownFileType = sourcecode.c.h; path = "UIView+Extension.h"; sourceTree = "<group>"; };
		0D4B28F61EE94C2700BB9CC9 /* UIView+Extension.m */ = {isa = PBXFileReference; fileEncoding = 4; lastKnownFileType = sourcecode.c.objc; path = "UIView+Extension.m"; sourceTree = "<group>"; };
		0D4B28F91EE94C8F00BB9CC9 /* LoadingViewForOC.h */ = {isa = PBXFileReference; fileEncoding = 4; lastKnownFileType = sourcecode.c.h; path = LoadingViewForOC.h; sourceTree = "<group>"; };
		0D4B28FA1EE94C8F00BB9CC9 /* LoadingViewForOC.m */ = {isa = PBXFileReference; fileEncoding = 4; lastKnownFileType = sourcecode.c.objc; path = LoadingViewForOC.m; sourceTree = "<group>"; };
		0D4B28FC1EE94CCC00BB9CC9 /* LoadingAnimationVC.h */ = {isa = PBXFileReference; fileEncoding = 4; lastKnownFileType = sourcecode.c.h; path = LoadingAnimationVC.h; sourceTree = "<group>"; };
		0D4B28FD1EE94CCC00BB9CC9 /* LoadingAnimationVC.m */ = {isa = PBXFileReference; fileEncoding = 4; lastKnownFileType = sourcecode.c.objc; path = LoadingAnimationVC.m; sourceTree = "<group>"; };
		0D4B29001EE9536400BB9CC9 /* BezierPathVC.h */ = {isa = PBXFileReference; fileEncoding = 4; lastKnownFileType = sourcecode.c.h; path = BezierPathVC.h; sourceTree = "<group>"; };
		0D4B29011EE9536400BB9CC9 /* BezierPathVC.m */ = {isa = PBXFileReference; fileEncoding = 4; lastKnownFileType = sourcecode.c.objc; path = BezierPathVC.m; sourceTree = "<group>"; };
		0D4B29031EE953CC00BB9CC9 /* BezierPathViewBase.h */ = {isa = PBXFileReference; fileEncoding = 4; lastKnownFileType = sourcecode.c.h; path = BezierPathViewBase.h; sourceTree = "<group>"; };
		0D4B29041EE953CC00BB9CC9 /* BezierPathViewBase.m */ = {isa = PBXFileReference; fileEncoding = 4; lastKnownFileType = sourcecode.c.objc; path = BezierPathViewBase.m; sourceTree = "<group>"; };
		0D4B29061EE9594200BB9CC9 /* BezierPathViewSquare.h */ = {isa = PBXFileReference; fileEncoding = 4; lastKnownFileType = sourcecode.c.h; path = BezierPathViewSquare.h; sourceTree = "<group>"; };
		0D4B29071EE9594200BB9CC9 /* BezierPathViewSquare.m */ = {isa = PBXFileReference; fileEncoding = 4; lastKnownFileType = sourcecode.c.objc; path = BezierPathViewSquare.m; sourceTree = "<group>"; };
		0D4B29091EEA44C000BB9CC9 /* BezierPathViewRound.h */ = {isa = PBXFileReference; fileEncoding = 4; lastKnownFileType = sourcecode.c.h; path = BezierPathViewRound.h; sourceTree = "<group>"; };
		0D4B290A1EEA44C000BB9CC9 /* BezierPathViewRound.m */ = {isa = PBXFileReference; fileEncoding = 4; lastKnownFileType = sourcecode.c.objc; path = BezierPathViewRound.m; sourceTree = "<group>"; };
		0D4B290C1EEA4BA500BB9CC9 /* BezierPathQuadCurve.h */ = {isa = PBXFileReference; fileEncoding = 4; lastKnownFileType = sourcecode.c.h; path = BezierPathQuadCurve.h; sourceTree = "<group>"; };
		0D4B290D1EEA4BA500BB9CC9 /* BezierPathQuadCurve.m */ = {isa = PBXFileReference; fileEncoding = 4; lastKnownFileType = sourcecode.c.objc; path = BezierPathQuadCurve.m; sourceTree = "<group>"; };
		0D4B29101EEA6DC200BB9CC9 /* GradientViewController.h */ = {isa = PBXFileReference; fileEncoding = 4; lastKnownFileType = sourcecode.c.h; path = GradientViewController.h; sourceTree = "<group>"; };
		0D4B29111EEA6DC200BB9CC9 /* GradientViewController.m */ = {isa = PBXFileReference; fileEncoding = 4; lastKnownFileType = sourcecode.c.objc; path = GradientViewController.m; sourceTree = "<group>"; };
		0D4B29131EEA717700BB9CC9 /* LayerAnimationVC.h */ = {isa = PBXFileReference; fileEncoding = 4; lastKnownFileType = sourcecode.c.h; path = LayerAnimationVC.h; sourceTree = "<group>"; };
		0D4B29141EEA717700BB9CC9 /* LayerAnimationVC.m */ = {isa = PBXFileReference; fileEncoding = 4; lastKnownFileType = sourcecode.c.objc; path = LayerAnimationVC.m; sourceTree = "<group>"; };
		0D4F944B1E8AB98900070950 /* Assets.xcassets */ = {isa = PBXFileReference; lastKnownFileType = folder.assetcatalog; path = Assets.xcassets; sourceTree = "<group>"; };
		0D4F944E1E8AB9B500070950 /* AppDelegate.h */ = {isa = PBXFileReference; fileEncoding = 4; lastKnownFileType = sourcecode.c.h; path = AppDelegate.h; sourceTree = "<group>"; };
		0D4F944F1E8AB9B500070950 /* AppDelegate.m */ = {isa = PBXFileReference; fileEncoding = 4; lastKnownFileType = sourcecode.c.objc; path = AppDelegate.m; sourceTree = "<group>"; };
		0D4F94571E8ABA2A00070950 /* Info.plist */ = {isa = PBXFileReference; fileEncoding = 4; lastKnownFileType = text.plist.xml; path = Info.plist; sourceTree = "<group>"; };
		0D4F94581E8ABA2A00070950 /* main.m */ = {isa = PBXFileReference; fileEncoding = 4; lastKnownFileType = sourcecode.c.objc; path = main.m; sourceTree = "<group>"; };
		0D4F94701E8ABBF900070950 /* GlobalDefine.h */ = {isa = PBXFileReference; lastKnownFileType = sourcecode.c.h; path = GlobalDefine.h; sourceTree = "<group>"; };
		0D4F94711E8ABD4C00070950 /* PrefixHeader.pch */ = {isa = PBXFileReference; lastKnownFileType = sourcecode.c.h; path = PrefixHeader.pch; sourceTree = "<group>"; };
		0D5B07321EA84B8200FB1AC2 /* LCProgressHUD.bundle */ = {isa = PBXFileReference; lastKnownFileType = "wrapper.plug-in"; path = LCProgressHUD.bundle; sourceTree = "<group>"; };
		0D5B07331EA84B8200FB1AC2 /* LCProgressHUD.h */ = {isa = PBXFileReference; fileEncoding = 4; lastKnownFileType = sourcecode.c.h; path = LCProgressHUD.h; sourceTree = "<group>"; };
		0D5B07341EA84B8200FB1AC2 /* LCProgressHUD.m */ = {isa = PBXFileReference; fileEncoding = 4; lastKnownFileType = sourcecode.c.objc; path = LCProgressHUD.m; sourceTree = "<group>"; };
		0D5B073C1EA8AECC00FB1AC2 /* NSMutableArray+Extension.h */ = {isa = PBXFileReference; fileEncoding = 4; lastKnownFileType = sourcecode.c.h; path = "NSMutableArray+Extension.h"; sourceTree = "<group>"; };
		0D5B073D1EA8AECC00FB1AC2 /* NSMutableArray+Extension.m */ = {isa = PBXFileReference; fileEncoding = 4; lastKnownFileType = sourcecode.c.objc; path = "NSMutableArray+Extension.m"; sourceTree = "<group>"; };
		0D6C0DE91F03495F0005745A /* NSObject+Common.h */ = {isa = PBXFileReference; fileEncoding = 4; lastKnownFileType = sourcecode.c.h; path = "NSObject+Common.h"; sourceTree = "<group>"; };
		0D6C0DEA1F03495F0005745A /* NSObject+Common.m */ = {isa = PBXFileReference; fileEncoding = 4; lastKnownFileType = sourcecode.c.objc; path = "NSObject+Common.m"; sourceTree = "<group>"; };
		0D77DF431ED69FBE000F3C1A /* UICountingLabel.h */ = {isa = PBXFileReference; fileEncoding = 4; lastKnownFileType = sourcecode.c.h; path = UICountingLabel.h; sourceTree = "<group>"; };
		0D77DF441ED69FBE000F3C1A /* UICountingLabel.m */ = {isa = PBXFileReference; fileEncoding = 4; lastKnownFileType = sourcecode.c.objc; path = UICountingLabel.m; sourceTree = "<group>"; };
		0D77DF461ED6AD9E000F3C1A /* HHCountingLabel.h */ = {isa = PBXFileReference; fileEncoding = 4; lastKnownFileType = sourcecode.c.h; path = HHCountingLabel.h; sourceTree = "<group>"; };
		0D77DF471ED6AD9E000F3C1A /* HHCountingLabel.m */ = {isa = PBXFileReference; fileEncoding = 4; lastKnownFileType = sourcecode.c.objc; path = HHCountingLabel.m; sourceTree = "<group>"; };
		0D840ADA1EBFFF28005E078A /* Draw2DView.h */ = {isa = PBXFileReference; fileEncoding = 4; lastKnownFileType = sourcecode.c.h; path = Draw2DView.h; sourceTree = "<group>"; };
		0D840ADB1EBFFF28005E078A /* Draw2DView.m */ = {isa = PBXFileReference; fileEncoding = 4; lastKnownFileType = sourcecode.c.objc; path = Draw2DView.m; sourceTree = "<group>"; };
		0DA4F3E21EE676A400ED17B2 /* Connect.h */ = {isa = PBXFileReference; fileEncoding = 4; lastKnownFileType = sourcecode.c.h; path = Connect.h; sourceTree = "<group>"; };
		0DA4F3E31EE676A400ED17B2 /* Connect.m */ = {isa = PBXFileReference; fileEncoding = 4; lastKnownFileType = sourcecode.c.objc; path = Connect.m; sourceTree = "<group>"; };
		0DA4F3E71EE677F500ED17B2 /* BaseNavigationController.h */ = {isa = PBXFileReference; fileEncoding = 4; lastKnownFileType = sourcecode.c.h; path = BaseNavigationController.h; sourceTree = "<group>"; };
		0DA4F3E81EE677F500ED17B2 /* BaseNavigationController.m */ = {isa = PBXFileReference; fileEncoding = 4; lastKnownFileType = sourcecode.c.objc; path = BaseNavigationController.m; sourceTree = "<group>"; };
		0DA4F3E91EE677F500ED17B2 /* BaseTabBarController.h */ = {isa = PBXFileReference; fileEncoding = 4; lastKnownFileType = sourcecode.c.h; path = BaseTabBarController.h; sourceTree = "<group>"; };
		0DA4F3EA1EE677F500ED17B2 /* BaseTabBarController.m */ = {isa = PBXFileReference; fileEncoding = 4; lastKnownFileType = sourcecode.c.objc; path = BaseTabBarController.m; sourceTree = "<group>"; };
		0DA4F3EB1EE677F500ED17B2 /* BaseViewController.h */ = {isa = PBXFileReference; fileEncoding = 4; lastKnownFileType = sourcecode.c.h; path = BaseViewController.h; sourceTree = "<group>"; };
		0DA4F3EC1EE677F500ED17B2 /* BaseViewController.m */ = {isa = PBXFileReference; fileEncoding = 4; lastKnownFileType = sourcecode.c.objc; path = BaseViewController.m; sourceTree = "<group>"; };
		0DA4F3F11EE6782800ED17B2 /* BaseModel.h */ = {isa = PBXFileReference; fileEncoding = 4; lastKnownFileType = sourcecode.c.h; path = BaseModel.h; sourceTree = "<group>"; };
		0DA4F3F21EE6782800ED17B2 /* BaseModel.m */ = {isa = PBXFileReference; fileEncoding = 4; lastKnownFileType = sourcecode.c.objc; path = BaseModel.m; sourceTree = "<group>"; };
		0DA4F3F71EE6925B00ED17B2 /* NSArray+Dlog.h */ = {isa = PBXFileReference; fileEncoding = 4; lastKnownFileType = sourcecode.c.h; path = "NSArray+Dlog.h"; sourceTree = "<group>"; };
		0DA4F3F81EE6925B00ED17B2 /* NSArray+Dlog.m */ = {isa = PBXFileReference; fileEncoding = 4; lastKnownFileType = sourcecode.c.objc; path = "NSArray+Dlog.m"; sourceTree = "<group>"; };
		0DA4F3FE1EE699A600ED17B2 /* ProvinceModel.h */ = {isa = PBXFileReference; fileEncoding = 4; lastKnownFileType = sourcecode.c.h; path = ProvinceModel.h; sourceTree = "<group>"; };
		0DA4F3FF1EE699A600ED17B2 /* ProvinceModel.m */ = {isa = PBXFileReference; fileEncoding = 4; lastKnownFileType = sourcecode.c.objc; path = ProvinceModel.m; sourceTree = "<group>"; };
		0DA4F4011EE699E900ED17B2 /* CityModel.h */ = {isa = PBXFileReference; fileEncoding = 4; lastKnownFileType = sourcecode.c.h; path = CityModel.h; sourceTree = "<group>"; };
		0DA4F4021EE699E900ED17B2 /* CityModel.m */ = {isa = PBXFileReference; fileEncoding = 4; lastKnownFileType = sourcecode.c.objc; path = CityModel.m; sourceTree = "<group>"; };
		0DA4F4041EE69A0B00ED17B2 /* CountyModel.h */ = {isa = PBXFileReference; fileEncoding = 4; lastKnownFileType = sourcecode.c.h; path = CountyModel.h; sourceTree = "<group>"; };
		0DA4F4051EE69A0B00ED17B2 /* CountyModel.m */ = {isa = PBXFileReference; fileEncoding = 4; lastKnownFileType = sourcecode.c.objc; path = CountyModel.m; sourceTree = "<group>"; };
		0DAD4CF51E7960F4008018BB /* TestDemo1.app */ = {isa = PBXFileReference; explicitFileType = wrapper.application; includeInIndex = 0; path = TestDemo1.app; sourceTree = BUILT_PRODUCTS_DIR; };
		0DAD4D0E1E7960F5008018BB /* TestDemo1Tests.xctest */ = {isa = PBXFileReference; explicitFileType = wrapper.cfbundle; includeInIndex = 0; path = TestDemo1Tests.xctest; sourceTree = BUILT_PRODUCTS_DIR; };
		0DAD4D121E7960F5008018BB /* TestDemo1Tests.m */ = {isa = PBXFileReference; lastKnownFileType = sourcecode.c.objc; path = TestDemo1Tests.m; sourceTree = "<group>"; };
		0DAD4D141E7960F5008018BB /* Info.plist */ = {isa = PBXFileReference; lastKnownFileType = text.plist.xml; path = Info.plist; sourceTree = "<group>"; };
		0DAD4D191E7960F5008018BB /* TestDemo1UITests.xctest */ = {isa = PBXFileReference; explicitFileType = wrapper.cfbundle; includeInIndex = 0; path = TestDemo1UITests.xctest; sourceTree = BUILT_PRODUCTS_DIR; };
		0DAD4D1D1E7960F5008018BB /* TestDemo1UITests.m */ = {isa = PBXFileReference; lastKnownFileType = sourcecode.c.objc; path = TestDemo1UITests.m; sourceTree = "<group>"; };
		0DAD4D1F1E7960F5008018BB /* Info.plist */ = {isa = PBXFileReference; lastKnownFileType = text.plist.xml; path = Info.plist; sourceTree = "<group>"; };
		0DB44FE51EA3C2F800ABC0E6 /* FirstViewController.h */ = {isa = PBXFileReference; fileEncoding = 4; lastKnownFileType = sourcecode.c.h; path = FirstViewController.h; sourceTree = "<group>"; };
		0DB44FE61EA3C2F800ABC0E6 /* FirstViewController.m */ = {isa = PBXFileReference; fileEncoding = 4; lastKnownFileType = sourcecode.c.objc; path = FirstViewController.m; sourceTree = "<group>"; };
		0DB44FE71EA3C2F800ABC0E6 /* HomeViewController.h */ = {isa = PBXFileReference; fileEncoding = 4; lastKnownFileType = sourcecode.c.h; path = HomeViewController.h; sourceTree = "<group>"; };
		0DB44FE81EA3C2F800ABC0E6 /* HomeViewController.m */ = {isa = PBXFileReference; fileEncoding = 4; lastKnownFileType = sourcecode.c.objc; path = HomeViewController.m; sourceTree = "<group>"; };
		0DE270DA1E87FFA100F6571A /* IndustryList.h */ = {isa = PBXFileReference; fileEncoding = 4; lastKnownFileType = sourcecode.c.h; path = IndustryList.h; sourceTree = "<group>"; };
		0DE270DB1E87FFA100F6571A /* IndustryList.m */ = {isa = PBXFileReference; fileEncoding = 4; lastKnownFileType = sourcecode.c.objc; path = IndustryList.m; sourceTree = "<group>"; };
		0DE270DD1E88012300F6571A /* IndustrayData.h */ = {isa = PBXFileReference; fileEncoding = 4; lastKnownFileType = sourcecode.c.h; path = IndustrayData.h; sourceTree = "<group>"; };
		0DE270DE1E88012300F6571A /* IndustrayData.m */ = {isa = PBXFileReference; fileEncoding = 4; lastKnownFileType = sourcecode.c.objc; path = IndustrayData.m; sourceTree = "<group>"; };
		14217EE5DD81A544F4ECB7D3 /* Pods-TestDemo1.release.xcconfig */ = {isa = PBXFileReference; includeInIndex = 1; lastKnownFileType = text.xcconfig; name = "Pods-TestDemo1.release.xcconfig"; path = "Pods/Target Support Files/Pods-TestDemo1/Pods-TestDemo1.release.xcconfig"; sourceTree = "<group>"; };
		6F597CFA8E44962A5C80EAB6 /* Pods_TestDemo1.framework */ = {isa = PBXFileReference; explicitFileType = wrapper.framework; includeInIndex = 0; path = Pods_TestDemo1.framework; sourceTree = BUILT_PRODUCTS_DIR; };
		C49ADFA351A9ACFDA2946ED3 /* Pods-TestDemo1.debug.xcconfig */ = {isa = PBXFileReference; includeInIndex = 1; lastKnownFileType = text.xcconfig; name = "Pods-TestDemo1.debug.xcconfig"; path = "Pods/Target Support Files/Pods-TestDemo1/Pods-TestDemo1.debug.xcconfig"; sourceTree = "<group>"; };
		FE33E1AB1F29B281003BC178 /* LineMoveVC.h */ = {isa = PBXFileReference; fileEncoding = 4; lastKnownFileType = sourcecode.c.h; path = LineMoveVC.h; sourceTree = "<group>"; };
		FE33E1AC1F29B281003BC178 /* LineMoveVC.m */ = {isa = PBXFileReference; fileEncoding = 4; lastKnownFileType = sourcecode.c.objc; path = LineMoveVC.m; sourceTree = "<group>"; };
		FE5FD53B1F344A21003D3C3D /* NSObject+Description.h */ = {isa = PBXFileReference; fileEncoding = 4; lastKnownFileType = sourcecode.c.h; path = "NSObject+Description.h"; sourceTree = "<group>"; };
		FE5FD53C1F344A21003D3C3D /* NSObject+Description.m */ = {isa = PBXFileReference; fileEncoding = 4; lastKnownFileType = sourcecode.c.objc; path = "NSObject+Description.m"; sourceTree = "<group>"; };
		FEC5B4731F27391500747CAB /* CountdownLabel.h */ = {isa = PBXFileReference; fileEncoding = 4; lastKnownFileType = sourcecode.c.h; path = CountdownLabel.h; sourceTree = "<group>"; };
		FEC5B4741F27391500747CAB /* CountdownLabel.m */ = {isa = PBXFileReference; fileEncoding = 4; lastKnownFileType = sourcecode.c.objc; path = CountdownLabel.m; sourceTree = "<group>"; };
		FEC5B4761F2861C600747CAB /* AudioToolbox.framework */ = {isa = PBXFileReference; lastKnownFileType = wrapper.framework; name = AudioToolbox.framework; path = System/Library/Frameworks/AudioToolbox.framework; sourceTree = SDKROOT; };
/* End PBXFileReference section */

/* Begin PBXFrameworksBuildPhase section */
		0DAD4CF21E7960F4008018BB /* Frameworks */ = {
			isa = PBXFrameworksBuildPhase;
			buildActionMask = 2147483647;
			files = (
				FEC5B4771F2861C600747CAB /* AudioToolbox.framework in Frameworks */,
				2252B96B185E6808FC1BB764 /* Pods_TestDemo1.framework in Frameworks */,
			);
			runOnlyForDeploymentPostprocessing = 0;
		};
		0DAD4D0B1E7960F5008018BB /* Frameworks */ = {
			isa = PBXFrameworksBuildPhase;
			buildActionMask = 2147483647;
			files = (
			);
			runOnlyForDeploymentPostprocessing = 0;
		};
		0DAD4D161E7960F5008018BB /* Frameworks */ = {
			isa = PBXFrameworksBuildPhase;
			buildActionMask = 2147483647;
			files = (
			);
			runOnlyForDeploymentPostprocessing = 0;
		};
/* End PBXFrameworksBuildPhase section */

/* Begin PBXGroup section */
		0D0061D81E841D51007BDBAE /* RealmTest */ = {
			isa = PBXGroup;
			children = (
				0DA4F3FD1EE6999600ED17B2 /* AreaModel */,
				0D0061DF1E842320007BDBAE /* Post.h */,
				0D0061E01E842320007BDBAE /* Post.m */,
				0DE270DA1E87FFA100F6571A /* IndustryList.h */,
				0DE270DB1E87FFA100F6571A /* IndustryList.m */,
				0DE270DD1E88012300F6571A /* IndustrayData.h */,
				0DE270DE1E88012300F6571A /* IndustrayData.m */,
			);
			path = RealmTest;
			sourceTree = "<group>";
		};
		0D08192E1EB0F19E00F4E034 /* Discover */ = {
			isa = PBXGroup;
			children = (
				0D840AD81EBFFEE7005E078A /* View */,
				0D08192F1EB0F22F00F4E034 /* DiscoverViewController.h */,
				0D0819301EB0F22F00F4E034 /* DiscoverViewController.m */,
			);
			path = Discover;
			sourceTree = "<group>";
		};
		0D1FF1621EAEE1C40034CC47 /* HHMJRefresh */ = {
			isa = PBXGroup;
			children = (
				0D1FF1631EAEE1F30034CC47 /* HHRefreshNormalHeader.h */,
				0D1FF1641EAEE1F30034CC47 /* HHRefreshNormalHeader.m */,
				0D1FF1661EAEE9D70034CC47 /* HHRefreshNormalFooter.h */,
				0D1FF1671EAEE9D70034CC47 /* HHRefreshNormalFooter.m */,
			);
			path = HHMJRefresh;
			sourceTree = "<group>";
		};
		0D2428AA1ED951C2002B52F3 /* HHPopAnimation */ = {
			isa = PBXGroup;
			children = (
				0D2428AB1ED951D4002B52F3 /* HHPopButton.h */,
				0D2428AC1ED951D4002B52F3 /* HHPopButton.m */,
			);
			path = HHPopAnimation;
			sourceTree = "<group>";
		};
		0D2428AE1ED95F09002B52F3 /* MoveButton */ = {
			isa = PBXGroup;
			children = (
				0D2428AF1ED95F1F002B52F3 /* MoveButton.h */,
				0D2428B01ED95F1F002B52F3 /* MoveButton.m */,
			);
			path = MoveButton;
			sourceTree = "<group>";
		};
		0D2428C71ED98103002B52F3 /* Extension */ = {
			isa = PBXGroup;
			children = (
				0D6C0DE91F03495F0005745A /* NSObject+Common.h */,
				0D6C0DEA1F03495F0005745A /* NSObject+Common.m */,
				0D4B28F51EE94C2700BB9CC9 /* UIView+Extension.h */,
				0D4B28F61EE94C2700BB9CC9 /* UIView+Extension.m */,
				0DA4F3F71EE6925B00ED17B2 /* NSArray+Dlog.h */,
				0DA4F3F81EE6925B00ED17B2 /* NSArray+Dlog.m */,
				FE5FD53B1F344A21003D3C3D /* NSObject+Description.h */,
				FE5FD53C1F344A21003D3C3D /* NSObject+Description.m */,
			);
			path = Extension;
			sourceTree = "<group>";
		};
		0D2A5F3A1EC55B7E00F41D4D /* Base.lproj */ = {
			isa = PBXGroup;
			children = (
				0D2A5F3B1EC55B7E00F41D4D /* LaunchScreen.storyboard */,
				0D2A5F3D1EC55B7E00F41D4D /* Main.storyboard */,
			);
			path = Base.lproj;
			sourceTree = "<group>";
		};
		0D33BB011EEF8EF500AD69EB /* HHEmitterButton */ = {
			isa = PBXGroup;
			children = (
				0D33BB021EEF8F2700AD69EB /* HHEmitterButton.h */,
				0D33BB031EEF8F2700AD69EB /* HHEmitterButton.m */,
			);
			path = HHEmitterButton;
			sourceTree = "<group>";
		};
		0D4193C81E8416D600075590 /* Classes */ = {
			isa = PBXGroup;
			children = (
				0DA4F3E51EE677E100ED17B2 /* BaseClass */,
				0D4F94721E8ABE7800070950 /* MainClass */,
				0D5B07371EA8AE2F00FB1AC2 /* MyClass */,
				0D4F946D1E8ABB7E00070950 /* ThirdClass */,
				0D4F946C1E8ABB1300070950 /* Utils */,
			);
			name = Classes;
			path = MainClass;
			sourceTree = "<group>";
		};
		0D4B28B51EE7C4D100BB9CC9 /* Mine */ = {
			isa = PBXGroup;
			children = (
				0D4B28B61EE7C4D100BB9CC9 /* FuncDisplay */,
				0D4B28D21EE7C4D100BB9CC9 /* MineViewController.h */,
				0D4B28D31EE7C4D100BB9CC9 /* MineViewController.m */,
			);
			path = Mine;
			sourceTree = "<group>";
		};
		0D4B28B61EE7C4D100BB9CC9 /* FuncDisplay */ = {
			isa = PBXGroup;
			children = (
				0D4B290F1EEA6DA700BB9CC9 /* Layer */,
				0D4B28FF1EE9534E00BB9CC9 /* BezierPath */,
				0D4B28F81EE94C7B00BB9CC9 /* LoadingAnimation */,
				0D4B28E71EE7D30500BB9CC9 /* RealmTest */,
				0D4B28B91EE7C4D100BB9CC9 /* CircleProgress */,
				0D4B28B71EE7C4D100BB9CC9 /* BluetoochVC.h */,
				0D4B28B81EE7C4D100BB9CC9 /* BluetoochVC.m */,
				0D4B28C01EE7C4D100BB9CC9 /* EventViewController.h */,
				0D4B28C11EE7C4D100BB9CC9 /* EventViewController.m */,
				0D4B28C21EE7C4D100BB9CC9 /* ExceptionViewController.h */,
				0D4B28C31EE7C4D100BB9CC9 /* ExceptionViewController.m */,
				0D4B28C41EE7C4D100BB9CC9 /* GCDViewController.h */,
				0D4B28C51EE7C4D100BB9CC9 /* GCDViewController.m */,
				0D4B28C81EE7C4D100BB9CC9 /* MakeExpViewController.h */,
				0D4B28C91EE7C4D100BB9CC9 /* MakeExpViewController.m */,
				0D4B28CC1EE7C4D100BB9CC9 /* RuningTimeViewController.h */,
				0D4B28CD1EE7C4D100BB9CC9 /* RuningTimeViewController.m */,
				0D4B28CE1EE7C4D100BB9CC9 /* SelectAndDeleteVC.h */,
				0D4B28CF1EE7C4D100BB9CC9 /* SelectAndDeleteVC.m */,
				0D4B28D01EE7C4D100BB9CC9 /* ShowHUDViewController.h */,
				0D4B28D11EE7C4D100BB9CC9 /* ShowHUDViewController.m */,
			);
			path = FuncDisplay;
			sourceTree = "<group>";
		};
		0D4B28B91EE7C4D100BB9CC9 /* CircleProgress */ = {
			isa = PBXGroup;
			children = (
				0D4B28BA1EE7C4D100BB9CC9 /* BlueView.h */,
				0D4B28BB1EE7C4D100BB9CC9 /* BlueView.m */,
				0D4B28BC1EE7C4D100BB9CC9 /* CircleProgressVC.h */,
				0D4B28BD1EE7C4D100BB9CC9 /* CircleProgressVC.m */,
				0D4B28BE1EE7C4D100BB9CC9 /* CycleView.h */,
				0D4B28BF1EE7C4D100BB9CC9 /* CycleView.m */,
			);
			path = CircleProgress;
			sourceTree = "<group>";
		};
		0D4B28E71EE7D30500BB9CC9 /* RealmTest */ = {
			isa = PBXGroup;
			children = (
				0D4B28E81EE7D31A00BB9CC9 /* RealmTestVC.h */,
				0D4B28E91EE7D31A00BB9CC9 /* RealmTestVC.m */,
			);
			path = RealmTest;
			sourceTree = "<group>";
		};
		0D4B28EE1EE7F32B00BB9CC9 /* Helper */ = {
			isa = PBXGroup;
			children = (
				0D4B28F21EE7F51200BB9CC9 /* DemoHelper.h */,
				0D4B28F31EE7F51200BB9CC9 /* DemoHelper.m */,
			);
			path = Helper;
			sourceTree = "<group>";
		};
		0D4B28F81EE94C7B00BB9CC9 /* LoadingAnimation */ = {
			isa = PBXGroup;
			children = (
				0D4B28F91EE94C8F00BB9CC9 /* LoadingViewForOC.h */,
				0D4B28FA1EE94C8F00BB9CC9 /* LoadingViewForOC.m */,
				0D4B28FC1EE94CCC00BB9CC9 /* LoadingAnimationVC.h */,
				0D4B28FD1EE94CCC00BB9CC9 /* LoadingAnimationVC.m */,
			);
			path = LoadingAnimation;
			sourceTree = "<group>";
		};
		0D4B28FF1EE9534E00BB9CC9 /* BezierPath */ = {
			isa = PBXGroup;
			children = (
				0D4B29001EE9536400BB9CC9 /* BezierPathVC.h */,
				0D4B29011EE9536400BB9CC9 /* BezierPathVC.m */,
				0D4B29031EE953CC00BB9CC9 /* BezierPathViewBase.h */,
				0D4B29041EE953CC00BB9CC9 /* BezierPathViewBase.m */,
				0D4B29061EE9594200BB9CC9 /* BezierPathViewSquare.h */,
				0D4B29071EE9594200BB9CC9 /* BezierPathViewSquare.m */,
				0D4B29091EEA44C000BB9CC9 /* BezierPathViewRound.h */,
				0D4B290A1EEA44C000BB9CC9 /* BezierPathViewRound.m */,
				0D4B290C1EEA4BA500BB9CC9 /* BezierPathQuadCurve.h */,
				0D4B290D1EEA4BA500BB9CC9 /* BezierPathQuadCurve.m */,
			);
			path = BezierPath;
			sourceTree = "<group>";
		};
		0D4B290F1EEA6DA700BB9CC9 /* Layer */ = {
			isa = PBXGroup;
			children = (
				0D4B29101EEA6DC200BB9CC9 /* GradientViewController.h */,
				0D4B29111EEA6DC200BB9CC9 /* GradientViewController.m */,
				0D4B29131EEA717700BB9CC9 /* LayerAnimationVC.h */,
				0D4B29141EEA717700BB9CC9 /* LayerAnimationVC.m */,
				0D33BAFE1EEF8B3500AD69EB /* CAEmitterLayerVC.h */,
				0D33BAFF1EEF8B3500AD69EB /* CAEmitterLayerVC.m */,
			);
			path = Layer;
			sourceTree = "<group>";
		};
		0D4F944A1E8AB96C00070950 /* Resource */ = {
			isa = PBXGroup;
			children = (
				0D4F944B1E8AB98900070950 /* Assets.xcassets */,
			);
			path = Resource;
			sourceTree = "<group>";
		};
		0D4F944D1E8AB99B00070950 /* AppDelegate */ = {
			isa = PBXGroup;
			children = (
				0D4F944E1E8AB9B500070950 /* AppDelegate.h */,
				0D4F944F1E8AB9B500070950 /* AppDelegate.m */,
			);
			path = AppDelegate;
			sourceTree = "<group>";
		};
		0D4F94511E8ABA0800070950 /* AppFiles */ = {
			isa = PBXGroup;
			children = (
				0D2A5F3A1EC55B7E00F41D4D /* Base.lproj */,
				0D4F94571E8ABA2A00070950 /* Info.plist */,
				0D4F94581E8ABA2A00070950 /* main.m */,
				0D4F94711E8ABD4C00070950 /* PrefixHeader.pch */,
			);
			path = AppFiles;
			sourceTree = "<group>";
		};
		0D4F946C1E8ABB1300070950 /* Utils */ = {
			isa = PBXGroup;
			children = (
				0D4F946F1E8ABBBB00070950 /* GlobalDefines */,
			);
			path = Utils;
			sourceTree = "<group>";
		};
		0D4F946D1E8ABB7E00070950 /* ThirdClass */ = {
			isa = PBXGroup;
			children = (
				0D2428AE1ED95F09002B52F3 /* MoveButton */,
				0D77DF421ED69F90000F3C1A /* CountingLabel */,
				0D1FF1621EAEE1C40034CC47 /* HHMJRefresh */,
				0D5B07311EA84B8200FB1AC2 /* LCProgressHUD */,
			);
			path = ThirdClass;
			sourceTree = "<group>";
		};
		0D4F946F1E8ABBBB00070950 /* GlobalDefines */ = {
			isa = PBXGroup;
			children = (
				0D4F94701E8ABBF900070950 /* GlobalDefine.h */,
			);
			path = GlobalDefines;
			sourceTree = "<group>";
		};
		0D4F94721E8ABE7800070950 /* MainClass */ = {
			isa = PBXGroup;
			children = (
				0DB44FE41EA3C2DF00ABC0E6 /* Home */,
				0D08192E1EB0F19E00F4E034 /* Discover */,
				0D4B28B51EE7C4D100BB9CC9 /* Mine */,
			);
			path = MainClass;
			sourceTree = "<group>";
		};
		0D5B07311EA84B8200FB1AC2 /* LCProgressHUD */ = {
			isa = PBXGroup;
			children = (
				0D5B07321EA84B8200FB1AC2 /* LCProgressHUD.bundle */,
				0D5B07331EA84B8200FB1AC2 /* LCProgressHUD.h */,
				0D5B07341EA84B8200FB1AC2 /* LCProgressHUD.m */,
			);
			path = LCProgressHUD;
			sourceTree = "<group>";
		};
		0D5B07371EA8AE2F00FB1AC2 /* MyClass */ = {
			isa = PBXGroup;
			children = (
				FEC5B4721F2738CB00747CAB /* HHCountTimeLabel */,
				0D2428C71ED98103002B52F3 /* Extension */,
				0D33BB011EEF8EF500AD69EB /* HHEmitterButton */,
				0D2428AA1ED951C2002B52F3 /* HHPopAnimation */,
				0D5B07381EA8AE5C00FB1AC2 /* ExceptionDeal */,
			);
			path = MyClass;
			sourceTree = "<group>";
		};
		0D5B07381EA8AE5C00FB1AC2 /* ExceptionDeal */ = {
			isa = PBXGroup;
			children = (
				0D5B073C1EA8AECC00FB1AC2 /* NSMutableArray+Extension.h */,
				0D5B073D1EA8AECC00FB1AC2 /* NSMutableArray+Extension.m */,
			);
			path = ExceptionDeal;
			sourceTree = "<group>";
		};
		0D77DF421ED69F90000F3C1A /* CountingLabel */ = {
			isa = PBXGroup;
			children = (
				0D77DF431ED69FBE000F3C1A /* UICountingLabel.h */,
				0D77DF441ED69FBE000F3C1A /* UICountingLabel.m */,
				0D77DF461ED6AD9E000F3C1A /* HHCountingLabel.h */,
				0D77DF471ED6AD9E000F3C1A /* HHCountingLabel.m */,
			);
			path = CountingLabel;
			sourceTree = "<group>";
		};
		0D840AD81EBFFEE7005E078A /* View */ = {
			isa = PBXGroup;
			children = (
				0D840ADA1EBFFF28005E078A /* Draw2DView.h */,
				0D840ADB1EBFFF28005E078A /* Draw2DView.m */,
			);
			path = View;
			sourceTree = "<group>";
		};
		0DA4F3E01EE675F400ED17B2 /* Public */ = {
			isa = PBXGroup;
			children = (
				0D4B28EE1EE7F32B00BB9CC9 /* Helper */,
				0DA4F3E11EE6768800ED17B2 /* Net */,
			);
			path = Public;
			sourceTree = "<group>";
		};
		0DA4F3E11EE6768800ED17B2 /* Net */ = {
			isa = PBXGroup;
			children = (
				0DA4F3E21EE676A400ED17B2 /* Connect.h */,
				0DA4F3E31EE676A400ED17B2 /* Connect.m */,
			);
			path = Net;
			sourceTree = "<group>";
		};
		0DA4F3E51EE677E100ED17B2 /* BaseClass */ = {
			isa = PBXGroup;
			children = (
				0DA4F3F01EE6781300ED17B2 /* BaseModel */,
				0DA4F3E61EE677F500ED17B2 /* BaseVC */,
			);
			path = BaseClass;
			sourceTree = "<group>";
		};
		0DA4F3E61EE677F500ED17B2 /* BaseVC */ = {
			isa = PBXGroup;
			children = (
				0DA4F3E71EE677F500ED17B2 /* BaseNavigationController.h */,
				0DA4F3E81EE677F500ED17B2 /* BaseNavigationController.m */,
				0DA4F3E91EE677F500ED17B2 /* BaseTabBarController.h */,
				0DA4F3EA1EE677F500ED17B2 /* BaseTabBarController.m */,
				0DA4F3EB1EE677F500ED17B2 /* BaseViewController.h */,
				0DA4F3EC1EE677F500ED17B2 /* BaseViewController.m */,
			);
			path = BaseVC;
			sourceTree = "<group>";
		};
		0DA4F3F01EE6781300ED17B2 /* BaseModel */ = {
			isa = PBXGroup;
			children = (
				0DA4F3F11EE6782800ED17B2 /* BaseModel.h */,
				0DA4F3F21EE6782800ED17B2 /* BaseModel.m */,
			);
			path = BaseModel;
			sourceTree = "<group>";
		};
		0DA4F3FD1EE6999600ED17B2 /* AreaModel */ = {
			isa = PBXGroup;
			children = (
				0DA4F3FE1EE699A600ED17B2 /* ProvinceModel.h */,
				0DA4F3FF1EE699A600ED17B2 /* ProvinceModel.m */,
				0DA4F4011EE699E900ED17B2 /* CityModel.h */,
				0DA4F4021EE699E900ED17B2 /* CityModel.m */,
				0DA4F4041EE69A0B00ED17B2 /* CountyModel.h */,
				0DA4F4051EE69A0B00ED17B2 /* CountyModel.m */,
			);
			path = AreaModel;
			sourceTree = "<group>";
		};
		0DAD4CEC1E7960F4008018BB = {
			isa = PBXGroup;
			children = (
				0DAD4CF71E7960F4008018BB /* TestDemo1 */,
				0DAD4D111E7960F5008018BB /* TestDemo1Tests */,
				0DAD4D1C1E7960F5008018BB /* TestDemo1UITests */,
				0DAD4CF61E7960F4008018BB /* Products */,
				A62C75E16A9E796E6EA8DBA6 /* Pods */,
				46FA32F811BCD5AF2A1BBA76 /* Frameworks */,
			);
			sourceTree = "<group>";
		};
		0DAD4CF61E7960F4008018BB /* Products */ = {
			isa = PBXGroup;
			children = (
				0DAD4CF51E7960F4008018BB /* TestDemo1.app */,
				0DAD4D0E1E7960F5008018BB /* TestDemo1Tests.xctest */,
				0DAD4D191E7960F5008018BB /* TestDemo1UITests.xctest */,
			);
			name = Products;
			sourceTree = "<group>";
		};
		0DAD4CF71E7960F4008018BB /* TestDemo1 */ = {
			isa = PBXGroup;
			children = (
				0D4F944D1E8AB99B00070950 /* AppDelegate */,
				0D0061D81E841D51007BDBAE /* RealmTest */,
				0D4193C81E8416D600075590 /* Classes */,
				0DA4F3E01EE675F400ED17B2 /* Public */,
				0D4F944A1E8AB96C00070950 /* Resource */,
				0D4F94511E8ABA0800070950 /* AppFiles */,
			);
			path = TestDemo1;
			sourceTree = "<group>";
		};
		0DAD4D111E7960F5008018BB /* TestDemo1Tests */ = {
			isa = PBXGroup;
			children = (
				0DAD4D121E7960F5008018BB /* TestDemo1Tests.m */,
				0DAD4D141E7960F5008018BB /* Info.plist */,
			);
			path = TestDemo1Tests;
			sourceTree = "<group>";
		};
		0DAD4D1C1E7960F5008018BB /* TestDemo1UITests */ = {
			isa = PBXGroup;
			children = (
				0DAD4D1D1E7960F5008018BB /* TestDemo1UITests.m */,
				0DAD4D1F1E7960F5008018BB /* Info.plist */,
			);
			path = TestDemo1UITests;
			sourceTree = "<group>";
		};
		0DB44FE41EA3C2DF00ABC0E6 /* Home */ = {
			isa = PBXGroup;
			children = (
				0DB44FE51EA3C2F800ABC0E6 /* FirstViewController.h */,
				0DB44FE61EA3C2F800ABC0E6 /* FirstViewController.m */,
				0DB44FE71EA3C2F800ABC0E6 /* HomeViewController.h */,
				0DB44FE81EA3C2F800ABC0E6 /* HomeViewController.m */,
				FE33E1AB1F29B281003BC178 /* LineMoveVC.h */,
				FE33E1AC1F29B281003BC178 /* LineMoveVC.m */,
			);
			path = Home;
			sourceTree = "<group>";
		};
		46FA32F811BCD5AF2A1BBA76 /* Frameworks */ = {
			isa = PBXGroup;
			children = (
				FEC5B4761F2861C600747CAB /* AudioToolbox.framework */,
				6F597CFA8E44962A5C80EAB6 /* Pods_TestDemo1.framework */,
			);
			name = Frameworks;
			sourceTree = "<group>";
		};
		A62C75E16A9E796E6EA8DBA6 /* Pods */ = {
			isa = PBXGroup;
			children = (
				C49ADFA351A9ACFDA2946ED3 /* Pods-TestDemo1.debug.xcconfig */,
				14217EE5DD81A544F4ECB7D3 /* Pods-TestDemo1.release.xcconfig */,
			);
			name = Pods;
			sourceTree = "<group>";
		};
		FEC5B4721F2738CB00747CAB /* HHCountTimeLabel */ = {
			isa = PBXGroup;
			children = (
				FEC5B4731F27391500747CAB /* CountdownLabel.h */,
				FEC5B4741F27391500747CAB /* CountdownLabel.m */,
			);
			path = HHCountTimeLabel;
			sourceTree = "<group>";
		};
/* End PBXGroup section */

/* Begin PBXNativeTarget section */
		0DAD4CF41E7960F4008018BB /* TestDemo1 */ = {
			isa = PBXNativeTarget;
			buildConfigurationList = 0DAD4D221E7960F5008018BB /* Build configuration list for PBXNativeTarget "TestDemo1" */;
			buildPhases = (
				0670C3A100BF66F5436C97F1 /* [CP] Check Pods Manifest.lock */,
				0DAD4CF11E7960F4008018BB /* Sources */,
				0DAD4CF21E7960F4008018BB /* Frameworks */,
				0DAD4CF31E7960F4008018BB /* Resources */,
				42864EBB7CA883853F46819B /* [CP] Embed Pods Frameworks */,
				0ADC39040CBC9969F19700C3 /* [CP] Copy Pods Resources */,
			);
			buildRules = (
			);
			dependencies = (
			);
			name = TestDemo1;
			productName = TestDemo1;
			productReference = 0DAD4CF51E7960F4008018BB /* TestDemo1.app */;
			productType = "com.apple.product-type.application";
		};
		0DAD4D0D1E7960F5008018BB /* TestDemo1Tests */ = {
			isa = PBXNativeTarget;
			buildConfigurationList = 0DAD4D251E7960F5008018BB /* Build configuration list for PBXNativeTarget "TestDemo1Tests" */;
			buildPhases = (
				0DAD4D0A1E7960F5008018BB /* Sources */,
				0DAD4D0B1E7960F5008018BB /* Frameworks */,
				0DAD4D0C1E7960F5008018BB /* Resources */,
			);
			buildRules = (
			);
			dependencies = (
				0DAD4D101E7960F5008018BB /* PBXTargetDependency */,
			);
			name = TestDemo1Tests;
			productName = TestDemo1Tests;
			productReference = 0DAD4D0E1E7960F5008018BB /* TestDemo1Tests.xctest */;
			productType = "com.apple.product-type.bundle.unit-test";
		};
		0DAD4D181E7960F5008018BB /* TestDemo1UITests */ = {
			isa = PBXNativeTarget;
			buildConfigurationList = 0DAD4D281E7960F5008018BB /* Build configuration list for PBXNativeTarget "TestDemo1UITests" */;
			buildPhases = (
				0DAD4D151E7960F5008018BB /* Sources */,
				0DAD4D161E7960F5008018BB /* Frameworks */,
				0DAD4D171E7960F5008018BB /* Resources */,
			);
			buildRules = (
			);
			dependencies = (
				0DAD4D1B1E7960F5008018BB /* PBXTargetDependency */,
			);
			name = TestDemo1UITests;
			productName = TestDemo1UITests;
			productReference = 0DAD4D191E7960F5008018BB /* TestDemo1UITests.xctest */;
			productType = "com.apple.product-type.bundle.ui-testing";
		};
/* End PBXNativeTarget section */

/* Begin PBXProject section */
		0DAD4CED1E7960F4008018BB /* Project object */ = {
			isa = PBXProject;
			attributes = {
				LastUpgradeCheck = 0810;
				ORGANIZATIONNAME = caohouhong;
				TargetAttributes = {
					0DAD4CF41E7960F4008018BB = {
						CreatedOnToolsVersion = 8.1;
						DevelopmentTeam = 2M227336GQ;
						ProvisioningStyle = Automatic;
					};
					0DAD4D0D1E7960F5008018BB = {
						CreatedOnToolsVersion = 8.1;
						DevelopmentTeam = 25D3W5G6L9;
						ProvisioningStyle = Automatic;
						TestTargetID = 0DAD4CF41E7960F4008018BB;
					};
					0DAD4D181E7960F5008018BB = {
						CreatedOnToolsVersion = 8.1;
						DevelopmentTeam = 25D3W5G6L9;
						ProvisioningStyle = Automatic;
						TestTargetID = 0DAD4CF41E7960F4008018BB;
					};
				};
			};
			buildConfigurationList = 0DAD4CF01E7960F4008018BB /* Build configuration list for PBXProject "TestDemo1" */;
			compatibilityVersion = "Xcode 3.2";
			developmentRegion = English;
			hasScannedForEncodings = 0;
			knownRegions = (
				en,
				Base,
			);
			mainGroup = 0DAD4CEC1E7960F4008018BB;
			productRefGroup = 0DAD4CF61E7960F4008018BB /* Products */;
			projectDirPath = "";
			projectRoot = "";
			targets = (
				0DAD4CF41E7960F4008018BB /* TestDemo1 */,
				0DAD4D0D1E7960F5008018BB /* TestDemo1Tests */,
				0DAD4D181E7960F5008018BB /* TestDemo1UITests */,
			);
		};
/* End PBXProject section */

/* Begin PBXResourcesBuildPhase section */
		0DAD4CF31E7960F4008018BB /* Resources */ = {
			isa = PBXResourcesBuildPhase;
			buildActionMask = 2147483647;
			files = (
				0D5B07351EA84B8200FB1AC2 /* LCProgressHUD.bundle in Resources */,
				0D2A5F401EC55B7E00F41D4D /* Main.storyboard in Resources */,
				0D2A5F3F1EC55B7E00F41D4D /* LaunchScreen.storyboard in Resources */,
				0D4F945B1E8ABA2A00070950 /* Info.plist in Resources */,
				0D4F944C1E8AB98900070950 /* Assets.xcassets in Resources */,
			);
			runOnlyForDeploymentPostprocessing = 0;
		};
		0DAD4D0C1E7960F5008018BB /* Resources */ = {
			isa = PBXResourcesBuildPhase;
			buildActionMask = 2147483647;
			files = (
			);
			runOnlyForDeploymentPostprocessing = 0;
		};
		0DAD4D171E7960F5008018BB /* Resources */ = {
			isa = PBXResourcesBuildPhase;
			buildActionMask = 2147483647;
			files = (
			);
			runOnlyForDeploymentPostprocessing = 0;
		};
/* End PBXResourcesBuildPhase section */

/* Begin PBXShellScriptBuildPhase section */
		0670C3A100BF66F5436C97F1 /* [CP] Check Pods Manifest.lock */ = {
			isa = PBXShellScriptBuildPhase;
			buildActionMask = 2147483647;
			files = (
			);
			inputPaths = (
			);
			name = "[CP] Check Pods Manifest.lock";
			outputPaths = (
			);
			runOnlyForDeploymentPostprocessing = 0;
			shellPath = /bin/sh;
			shellScript = "diff \"${PODS_ROOT}/../Podfile.lock\" \"${PODS_ROOT}/Manifest.lock\" > /dev/null\nif [ $? != 0 ] ; then\n    # print error to STDERR\n    echo \"error: The sandbox is not in sync with the Podfile.lock. Run 'pod install' or update your CocoaPods installation.\" >&2\n    exit 1\nfi\n";
			showEnvVarsInLog = 0;
		};
		0ADC39040CBC9969F19700C3 /* [CP] Copy Pods Resources */ = {
			isa = PBXShellScriptBuildPhase;
			buildActionMask = 2147483647;
			files = (
			);
			inputPaths = (
			);
			name = "[CP] Copy Pods Resources";
			outputPaths = (
			);
			runOnlyForDeploymentPostprocessing = 0;
			shellPath = /bin/sh;
			shellScript = "\"${SRCROOT}/Pods/Target Support Files/Pods-TestDemo1/Pods-TestDemo1-resources.sh\"\n";
			showEnvVarsInLog = 0;
		};
		42864EBB7CA883853F46819B /* [CP] Embed Pods Frameworks */ = {
			isa = PBXShellScriptBuildPhase;
			buildActionMask = 2147483647;
			files = (
			);
			inputPaths = (
			);
			name = "[CP] Embed Pods Frameworks";
			outputPaths = (
			);
			runOnlyForDeploymentPostprocessing = 0;
			shellPath = /bin/sh;
			shellScript = "\"${SRCROOT}/Pods/Target Support Files/Pods-TestDemo1/Pods-TestDemo1-frameworks.sh\"\n";
			showEnvVarsInLog = 0;
		};
/* End PBXShellScriptBuildPhase section */

/* Begin PBXSourcesBuildPhase section */
		0DAD4CF11E7960F4008018BB /* Sources */ = {
			isa = PBXSourcesBuildPhase;
			buildActionMask = 2147483647;
			files = (
				0D33BB001EEF8B3500AD69EB /* CAEmitterLayerVC.m in Sources */,
				0D4F945C1E8ABA2A00070950 /* main.m in Sources */,
				0DB44FE91EA3C2F800ABC0E6 /* FirstViewController.m in Sources */,
				0D4B28D91EE7C4D100BB9CC9 /* ExceptionViewController.m in Sources */,
				0D4F94501E8AB9B500070950 /* AppDelegate.m in Sources */,
				0D4B28DF1EE7C4D100BB9CC9 /* SelectAndDeleteVC.m in Sources */,
				0D2428AD1ED951D4002B52F3 /* HHPopButton.m in Sources */,
				0D4B28E11EE7C4D100BB9CC9 /* MineViewController.m in Sources */,
				FE5FD53D1F344A21003D3C3D /* NSObject+Description.m in Sources */,
				0D4B28D61EE7C4D100BB9CC9 /* CircleProgressVC.m in Sources */,
				0D4B29051EE953CC00BB9CC9 /* BezierPathViewBase.m in Sources */,
				0DA4F3F91EE6925B00ED17B2 /* NSArray+Dlog.m in Sources */,
				0D4B28DA1EE7C4D100BB9CC9 /* GCDViewController.m in Sources */,
				0D4B28D81EE7C4D100BB9CC9 /* EventViewController.m in Sources */,
				0D4B28FB1EE94C8F00BB9CC9 /* LoadingViewForOC.m in Sources */,
				0DB44FEA1EA3C2F800ABC0E6 /* HomeViewController.m in Sources */,
				0DE270DF1E88012300F6571A /* IndustrayData.m in Sources */,
				0DA4F4001EE699A600ED17B2 /* ProvinceModel.m in Sources */,
				0D4B290B1EEA44C000BB9CC9 /* BezierPathViewRound.m in Sources */,
				0DA4F3E41EE676A400ED17B2 /* Connect.m in Sources */,
				0D4B28F41EE7F51200BB9CC9 /* DemoHelper.m in Sources */,
				0D840ADC1EBFFF28005E078A /* Draw2DView.m in Sources */,
				0D77DF451ED69FBE000F3C1A /* UICountingLabel.m in Sources */,
				0D4B29121EEA6DC200BB9CC9 /* GradientViewController.m in Sources */,
				0DA4F4061EE69A0B00ED17B2 /* CountyModel.m in Sources */,
				FE33E1AD1F29B281003BC178 /* LineMoveVC.m in Sources */,
				0D4B28D51EE7C4D100BB9CC9 /* BlueView.m in Sources */,
				0D1FF1651EAEE1F30034CC47 /* HHRefreshNormalHeader.m in Sources */,
				0D6C0DEB1F03495F0005745A /* NSObject+Common.m in Sources */,
				0DA4F3F31EE6782800ED17B2 /* BaseModel.m in Sources */,
				FEC5B4751F27391500747CAB /* CountdownLabel.m in Sources */,
				0D5B07361EA84B8200FB1AC2 /* LCProgressHUD.m in Sources */,
				0D5B073E1EA8AECC00FB1AC2 /* NSMutableArray+Extension.m in Sources */,
				0D4B28F71EE94C2700BB9CC9 /* UIView+Extension.m in Sources */,
				0D4B29151EEA717700BB9CC9 /* LayerAnimationVC.m in Sources */,
				0DA4F4031EE699E900ED17B2 /* CityModel.m in Sources */,
				0D0819311EB0F22F00F4E034 /* DiscoverViewController.m in Sources */,
				0DA4F3ED1EE677F500ED17B2 /* BaseNavigationController.m in Sources */,
				0D33BB041EEF8F2700AD69EB /* HHEmitterButton.m in Sources */,
				0D4B28DC1EE7C4D100BB9CC9 /* MakeExpViewController.m in Sources */,
				0D0061E11E842320007BDBAE /* Post.m in Sources */,
				0D4B29021EE9536400BB9CC9 /* BezierPathVC.m in Sources */,
				0DA4F3EF1EE677F500ED17B2 /* BaseViewController.m in Sources */,
				0D4B28D71EE7C4D100BB9CC9 /* CycleView.m in Sources */,
				0D4B28DE1EE7C4D100BB9CC9 /* RuningTimeViewController.m in Sources */,
				0D4B28FE1EE94CCC00BB9CC9 /* LoadingAnimationVC.m in Sources */,
				0DA4F3EE1EE677F500ED17B2 /* BaseTabBarController.m in Sources */,
				0D2428B11ED95F1F002B52F3 /* MoveButton.m in Sources */,
				0D4B290E1EEA4BA500BB9CC9 /* BezierPathQuadCurve.m in Sources */,
				0D4B28EA1EE7D31A00BB9CC9 /* RealmTestVC.m in Sources */,
				0D1FF1681EAEE9D70034CC47 /* HHRefreshNormalFooter.m in Sources */,
				0D4B29081EE9594200BB9CC9 /* BezierPathViewSquare.m in Sources */,
				0D4B28E01EE7C4D100BB9CC9 /* ShowHUDViewController.m in Sources */,
				0D77DF481ED6AD9E000F3C1A /* HHCountingLabel.m in Sources */,
				0DE270DC1E87FFA100F6571A /* IndustryList.m in Sources */,
				0D4B28D41EE7C4D100BB9CC9 /* BluetoochVC.m in Sources */,
			);
			runOnlyForDeploymentPostprocessing = 0;
		};
		0DAD4D0A1E7960F5008018BB /* Sources */ = {
			isa = PBXSourcesBuildPhase;
			buildActionMask = 2147483647;
			files = (
				0DAD4D131E7960F5008018BB /* TestDemo1Tests.m in Sources */,
			);
			runOnlyForDeploymentPostprocessing = 0;
		};
		0DAD4D151E7960F5008018BB /* Sources */ = {
			isa = PBXSourcesBuildPhase;
			buildActionMask = 2147483647;
			files = (
				0DAD4D1E1E7960F5008018BB /* TestDemo1UITests.m in Sources */,
			);
			runOnlyForDeploymentPostprocessing = 0;
		};
/* End PBXSourcesBuildPhase section */

/* Begin PBXTargetDependency section */
		0DAD4D101E7960F5008018BB /* PBXTargetDependency */ = {
			isa = PBXTargetDependency;
			target = 0DAD4CF41E7960F4008018BB /* TestDemo1 */;
			targetProxy = 0DAD4D0F1E7960F5008018BB /* PBXContainerItemProxy */;
		};
		0DAD4D1B1E7960F5008018BB /* PBXTargetDependency */ = {
			isa = PBXTargetDependency;
			target = 0DAD4CF41E7960F4008018BB /* TestDemo1 */;
			targetProxy = 0DAD4D1A1E7960F5008018BB /* PBXContainerItemProxy */;
		};
/* End PBXTargetDependency section */

/* Begin PBXVariantGroup section */
		0D2A5F3B1EC55B7E00F41D4D /* LaunchScreen.storyboard */ = {
			isa = PBXVariantGroup;
			children = (
				0D2A5F3C1EC55B7E00F41D4D /* Base */,
			);
			name = LaunchScreen.storyboard;
			sourceTree = "<group>";
		};
		0D2A5F3D1EC55B7E00F41D4D /* Main.storyboard */ = {
			isa = PBXVariantGroup;
			children = (
				0D2A5F3E1EC55B7E00F41D4D /* Base */,
			);
			name = Main.storyboard;
			sourceTree = "<group>";
		};
/* End PBXVariantGroup section */

/* Begin XCBuildConfiguration section */
		0DAD4D201E7960F5008018BB /* Debug */ = {
			isa = XCBuildConfiguration;
			buildSettings = {
				ALWAYS_SEARCH_USER_PATHS = NO;
				CLANG_ANALYZER_NONNULL = YES;
				CLANG_CXX_LANGUAGE_STANDARD = "gnu++0x";
				CLANG_CXX_LIBRARY = "libc++";
				CLANG_ENABLE_MODULES = YES;
				CLANG_ENABLE_OBJC_ARC = YES;
				CLANG_WARN_BOOL_CONVERSION = YES;
				CLANG_WARN_CONSTANT_CONVERSION = YES;
				CLANG_WARN_DIRECT_OBJC_ISA_USAGE = YES_ERROR;
				CLANG_WARN_DOCUMENTATION_COMMENTS = YES;
				CLANG_WARN_EMPTY_BODY = YES;
				CLANG_WARN_ENUM_CONVERSION = YES;
				CLANG_WARN_INFINITE_RECURSION = YES;
				CLANG_WARN_INT_CONVERSION = YES;
				CLANG_WARN_OBJC_ROOT_CLASS = YES_ERROR;
				CLANG_WARN_SUSPICIOUS_MOVES = YES;
				CLANG_WARN_UNREACHABLE_CODE = YES;
				CLANG_WARN__DUPLICATE_METHOD_MATCH = YES;
				"CODE_SIGN_IDENTITY[sdk=iphoneos*]" = "iPhone Developer";
				COPY_PHASE_STRIP = NO;
				DEBUG_INFORMATION_FORMAT = dwarf;
				ENABLE_STRICT_OBJC_MSGSEND = YES;
				ENABLE_TESTABILITY = YES;
				GCC_C_LANGUAGE_STANDARD = gnu99;
				GCC_DYNAMIC_NO_PIC = NO;
				GCC_NO_COMMON_BLOCKS = YES;
				GCC_OPTIMIZATION_LEVEL = 0;
				GCC_PREPROCESSOR_DEFINITIONS = (
					"DEBUG=1",
					"$(inherited)",
				);
				GCC_WARN_64_TO_32_BIT_CONVERSION = YES;
				GCC_WARN_ABOUT_RETURN_TYPE = YES_ERROR;
				GCC_WARN_UNDECLARED_SELECTOR = YES;
				GCC_WARN_UNINITIALIZED_AUTOS = YES_AGGRESSIVE;
				GCC_WARN_UNUSED_FUNCTION = YES;
				GCC_WARN_UNUSED_VARIABLE = YES;
				IPHONEOS_DEPLOYMENT_TARGET = 8.0;
				MTL_ENABLE_DEBUG_INFO = YES;
				ONLY_ACTIVE_ARCH = YES;
				SDKROOT = iphoneos;
				TARGETED_DEVICE_FAMILY = "1,2";
			};
			name = Debug;
		};
		0DAD4D211E7960F5008018BB /* Release */ = {
			isa = XCBuildConfiguration;
			buildSettings = {
				ALWAYS_SEARCH_USER_PATHS = NO;
				CLANG_ANALYZER_NONNULL = YES;
				CLANG_CXX_LANGUAGE_STANDARD = "gnu++0x";
				CLANG_CXX_LIBRARY = "libc++";
				CLANG_ENABLE_MODULES = YES;
				CLANG_ENABLE_OBJC_ARC = YES;
				CLANG_WARN_BOOL_CONVERSION = YES;
				CLANG_WARN_CONSTANT_CONVERSION = YES;
				CLANG_WARN_DIRECT_OBJC_ISA_USAGE = YES_ERROR;
				CLANG_WARN_DOCUMENTATION_COMMENTS = YES;
				CLANG_WARN_EMPTY_BODY = YES;
				CLANG_WARN_ENUM_CONVERSION = YES;
				CLANG_WARN_INFINITE_RECURSION = YES;
				CLANG_WARN_INT_CONVERSION = YES;
				CLANG_WARN_OBJC_ROOT_CLASS = YES_ERROR;
				CLANG_WARN_SUSPICIOUS_MOVES = YES;
				CLANG_WARN_UNREACHABLE_CODE = YES;
				CLANG_WARN__DUPLICATE_METHOD_MATCH = YES;
				"CODE_SIGN_IDENTITY[sdk=iphoneos*]" = "iPhone Developer";
				COPY_PHASE_STRIP = NO;
				DEBUG_INFORMATION_FORMAT = "dwarf-with-dsym";
				ENABLE_NS_ASSERTIONS = NO;
				ENABLE_STRICT_OBJC_MSGSEND = YES;
				GCC_C_LANGUAGE_STANDARD = gnu99;
				GCC_NO_COMMON_BLOCKS = YES;
				GCC_WARN_64_TO_32_BIT_CONVERSION = YES;
				GCC_WARN_ABOUT_RETURN_TYPE = YES_ERROR;
				GCC_WARN_UNDECLARED_SELECTOR = YES;
				GCC_WARN_UNINITIALIZED_AUTOS = YES_AGGRESSIVE;
				GCC_WARN_UNUSED_FUNCTION = YES;
				GCC_WARN_UNUSED_VARIABLE = YES;
				IPHONEOS_DEPLOYMENT_TARGET = 8.0;
				MTL_ENABLE_DEBUG_INFO = NO;
				SDKROOT = iphoneos;
				TARGETED_DEVICE_FAMILY = "1,2";
				VALIDATE_PRODUCT = YES;
			};
			name = Release;
		};
		0DAD4D231E7960F5008018BB /* Debug */ = {
			isa = XCBuildConfiguration;
			baseConfigurationReference = C49ADFA351A9ACFDA2946ED3 /* Pods-TestDemo1.debug.xcconfig */;
			buildSettings = {
				ASSETCATALOG_COMPILER_APPICON_NAME = AppIcon;
				DEVELOPMENT_TEAM = 2M227336GQ;
				GCC_PREFIX_HEADER = "$(PROJECT_DIR)/TestDemo1/AppFiles/PrefixHeader.pch";
				INFOPLIST_FILE = "$(SRCROOT)/TestDemo1/AppFiles/Info.plist";
				IPHONEOS_DEPLOYMENT_TARGET = 8.0;
				LD_RUNPATH_SEARCH_PATHS = "$(inherited) @executable_path/Frameworks";
				PRODUCT_BUNDLE_IDENTIFIER = com.baichunkeji.TestDemo1;
				PRODUCT_NAME = "$(TARGET_NAME)";
			};
			name = Debug;
		};
		0DAD4D241E7960F5008018BB /* Release */ = {
			isa = XCBuildConfiguration;
			baseConfigurationReference = 14217EE5DD81A544F4ECB7D3 /* Pods-TestDemo1.release.xcconfig */;
			buildSettings = {
				ASSETCATALOG_COMPILER_APPICON_NAME = AppIcon;
				DEVELOPMENT_TEAM = 2M227336GQ;
				GCC_PREFIX_HEADER = "$(PROJECT_DIR)/TestDemo1/AppFiles/PrefixHeader.pch";
				INFOPLIST_FILE = "$(SRCROOT)/TestDemo1/AppFiles/Info.plist";
				IPHONEOS_DEPLOYMENT_TARGET = 8.0;
				LD_RUNPATH_SEARCH_PATHS = "$(inherited) @executable_path/Frameworks";
				PRODUCT_BUNDLE_IDENTIFIER = com.baichunkeji.TestDemo1;
				PRODUCT_NAME = "$(TARGET_NAME)";
			};
			name = Release;
		};
		0DAD4D261E7960F5008018BB /* Debug */ = {
			isa = XCBuildConfiguration;
			buildSettings = {
				BUNDLE_LOADER = "$(TEST_HOST)";
				DEVELOPMENT_TEAM = 25D3W5G6L9;
				INFOPLIST_FILE = TestDemo1Tests/Info.plist;
				LD_RUNPATH_SEARCH_PATHS = "$(inherited) @executable_path/Frameworks @loader_path/Frameworks";
				PRODUCT_BUNDLE_IDENTIFIER = com.baichunkeji.TestDemo1Tests;
				PRODUCT_NAME = "$(TARGET_NAME)";
				TEST_HOST = "$(BUILT_PRODUCTS_DIR)/TestDemo1.app/TestDemo1";
			};
			name = Debug;
		};
		0DAD4D271E7960F5008018BB /* Release */ = {
			isa = XCBuildConfiguration;
			buildSettings = {
				BUNDLE_LOADER = "$(TEST_HOST)";
				DEVELOPMENT_TEAM = 25D3W5G6L9;
				INFOPLIST_FILE = TestDemo1Tests/Info.plist;
				LD_RUNPATH_SEARCH_PATHS = "$(inherited) @executable_path/Frameworks @loader_path/Frameworks";
				PRODUCT_BUNDLE_IDENTIFIER = com.baichunkeji.TestDemo1Tests;
				PRODUCT_NAME = "$(TARGET_NAME)";
				TEST_HOST = "$(BUILT_PRODUCTS_DIR)/TestDemo1.app/TestDemo1";
			};
			name = Release;
		};
		0DAD4D291E7960F5008018BB /* Debug */ = {
			isa = XCBuildConfiguration;
			buildSettings = {
				DEVELOPMENT_TEAM = 25D3W5G6L9;
				INFOPLIST_FILE = TestDemo1UITests/Info.plist;
				LD_RUNPATH_SEARCH_PATHS = "$(inherited) @executable_path/Frameworks @loader_path/Frameworks";
				PRODUCT_BUNDLE_IDENTIFIER = com.baichunkeji.TestDemo1UITests;
				PRODUCT_NAME = "$(TARGET_NAME)";
				TEST_TARGET_NAME = TestDemo1;
			};
			name = Debug;
		};
		0DAD4D2A1E7960F5008018BB /* Release */ = {
			isa = XCBuildConfiguration;
			buildSettings = {
				DEVELOPMENT_TEAM = 25D3W5G6L9;
				INFOPLIST_FILE = TestDemo1UITests/Info.plist;
				LD_RUNPATH_SEARCH_PATHS = "$(inherited) @executable_path/Frameworks @loader_path/Frameworks";
				PRODUCT_BUNDLE_IDENTIFIER = com.baichunkeji.TestDemo1UITests;
				PRODUCT_NAME = "$(TARGET_NAME)";
				TEST_TARGET_NAME = TestDemo1;
			};
			name = Release;
		};
/* End XCBuildConfiguration section */

/* Begin XCConfigurationList section */
		0DAD4CF01E7960F4008018BB /* Build configuration list for PBXProject "TestDemo1" */ = {
			isa = XCConfigurationList;
			buildConfigurations = (
				0DAD4D201E7960F5008018BB /* Debug */,
				0DAD4D211E7960F5008018BB /* Release */,
			);
			defaultConfigurationIsVisible = 0;
			defaultConfigurationName = Release;
		};
		0DAD4D221E7960F5008018BB /* Build configuration list for PBXNativeTarget "TestDemo1" */ = {
			isa = XCConfigurationList;
			buildConfigurations = (
				0DAD4D231E7960F5008018BB /* Debug */,
				0DAD4D241E7960F5008018BB /* Release */,
			);
			defaultConfigurationIsVisible = 0;
			defaultConfigurationName = Release;
		};
		0DAD4D251E7960F5008018BB /* Build configuration list for PBXNativeTarget "TestDemo1Tests" */ = {
			isa = XCConfigurationList;
			buildConfigurations = (
				0DAD4D261E7960F5008018BB /* Debug */,
				0DAD4D271E7960F5008018BB /* Release */,
			);
			defaultConfigurationIsVisible = 0;
			defaultConfigurationName = Release;
		};
		0DAD4D281E7960F5008018BB /* Build configuration list for PBXNativeTarget "TestDemo1UITests" */ = {
			isa = XCConfigurationList;
			buildConfigurations = (
				0DAD4D291E7960F5008018BB /* Debug */,
				0DAD4D2A1E7960F5008018BB /* Release */,
			);
			defaultConfigurationIsVisible = 0;
			defaultConfigurationName = Release;
		};
/* End XCConfigurationList section */
	};
	rootObject = 0DAD4CED1E7960F4008018BB /* Project object */;
}
